
Microsoft Visual Studio Solution File, Format Version 12.00
# Visual Studio Version 17
VisualStudioVersion = 17.14.36603.0 d17.14
MinimumVisualStudioVersion = 10.0.40219.1
Project("{FAE04EC0-301F-11D3-BF4B-00C04F79EFBC}") = "TaskHub", "TaskHub\TaskHub.csproj", "{A04DCCB8-1865-E198-5058-E248EC6EED38}"
EndProject
Global
	GlobalSection(SolutionConfigurationPlatforms) = preSolution
		Debug|Any CPU = Debug|Any CPU
		Release|Any CPU = Release|Any CPU
	EndGlobalSection
	GlobalSection(ProjectConfigurationPlatforms) = postSolution
		{A04DCCB8-1865-E198-5058-E248EC6EED38}.Debug|Any CPU.ActiveCfg = Debug|Any CPU
		{A04DCCB8-1865-E198-5058-E248EC6EED38}.Debug|Any CPU.Build.0 = Debug|Any CPU
		{A04DCCB8-1865-E198-5058-E248EC6EED38}.Release|Any CPU.ActiveCfg = Release|Any CPU
		{A04DCCB8-1865-E198-5058-E248EC6EED38}.Release|Any CPU.Build.0 = Release|Any CPU
	EndGlobalSection
	GlobalSection(SolutionProperties) = preSolution
		HideSolutionNode = FALSE
	EndGlobalSection
	GlobalSection(ExtensibilityGlobals) = postSolution
		SolutionGuid = {E4D77842-A8F7-4286-BDBD-6374DC1E02C6}
	EndGlobalSection
EndGlobal
